
Microsoft Visual Studio Solution File, Format Version 12.00
# Visual Studio Version 17
VisualStudioVersion = 17.2.32616.157
MinimumVisualStudioVersion = 10.0.40219.1
Project("{FAE04EC0-301F-11D3-BF4B-00C04F79EFBC}") = "CpCodeExtensions", "CpCodeExtensions\CpCodeExtensions.csproj", "{57FBFCE0-1A9C-4CFF-9F02-A99BF5878130}"
EndProject
Global
	GlobalSection(SolutionConfigurationPlatforms) = preSolution
		Debug|Any CPU = Debug|Any CPU
		Release|Any CPU = Release|Any CPU
	EndGlobalSection
	GlobalSection(ProjectConfigurationPlatforms) = postSolution
		{57FBFCE0-1A9C-4CFF-9F02-A99BF5878130}.Debug|Any CPU.ActiveCfg = Debug|Any CPU
		{57FBFCE0-1A9C-4CFF-9F02-A99BF5878130}.Debug|Any CPU.Build.0 = Debug|Any CPU
		{57FBFCE0-1A9C-4CFF-9F02-A99BF5878130}.Release|Any CPU.ActiveCfg = Release|Any CPU
		{57FBFCE0-1A9C-4CFF-9F02-A99BF5878130}.Release|Any CPU.Build.0 = Release|Any CPU
	EndGlobalSection
	GlobalSection(SolutionProperties) = preSolution
		HideSolutionNode = FALSE
	EndGlobalSection
	GlobalSection(ExtensibilityGlobals) = postSolution
		SolutionGuid = {B2AC61E6-6946-4524-ABC0-E3E77999FC31}
	EndGlobalSection
EndGlobal
